
Microsoft Visual Studio Solution File, Format Version 12.00
# Visual Studio 2017
Project("{FAE04EC0-301F-11D3-BF4B-00C04F79EFBC}") = "Heritia.Plugins", "Heritia.Plugins.csproj", "{6B1F9B8D-36FA-16E8-3F78-7319E7D7BD2F}"
EndProject
Project("{FAE04EC0-301F-11D3-BF4B-00C04F79EFBC}") = "Heritia", "Heritia.csproj", "{95D54E36-D1B3-4148-5D17-2A8FF2D044D1}"
EndProject
Project("{FAE04EC0-301F-11D3-BF4B-00C04F79EFBC}") = "Heritia.Editor.Plugins", "Heritia.Editor.Plugins.csproj", "{698873B7-6C60-CF68-B7FA-3D746EBEB2D9}"
EndProject
Global
	GlobalSection(SolutionConfigurationPlatforms) = preSolution
		Debug|Any CPU = Debug|Any CPU
		Release|Any CPU = Release|Any CPU
	EndGlobalSection
	GlobalSection(ProjectConfigurationPlatforms) = postSolution
		{6B1F9B8D-36FA-16E8-3F78-7319E7D7BD2F}.Debug|Any CPU.ActiveCfg = Debug|Any CPU
		{6B1F9B8D-36FA-16E8-3F78-7319E7D7BD2F}.Debug|Any CPU.Build.0 = Debug|Any CPU
		{6B1F9B8D-36FA-16E8-3F78-7319E7D7BD2F}.Release|Any CPU.ActiveCfg = Release|Any CPU
		{6B1F9B8D-36FA-16E8-3F78-7319E7D7BD2F}.Release|Any CPU.Build.0 = Release|Any CPU
		{95D54E36-D1B3-4148-5D17-2A8FF2D044D1}.Debug|Any CPU.ActiveCfg = Debug|Any CPU
		{95D54E36-D1B3-4148-5D17-2A8FF2D044D1}.Debug|Any CPU.Build.0 = Debug|Any CPU
		{95D54E36-D1B3-4148-5D17-2A8FF2D044D1}.Release|Any CPU.ActiveCfg = Release|Any CPU
		{95D54E36-D1B3-4148-5D17-2A8FF2D044D1}.Release|Any CPU.Build.0 = Release|Any CPU
		{698873B7-6C60-CF68-B7FA-3D746EBEB2D9}.Debug|Any CPU.ActiveCfg = Debug|Any CPU
		{698873B7-6C60-CF68-B7FA-3D746EBEB2D9}.Debug|Any CPU.Build.0 = Debug|Any CPU
		{698873B7-6C60-CF68-B7FA-3D746EBEB2D9}.Release|Any CPU.ActiveCfg = Release|Any CPU
		{698873B7-6C60-CF68-B7FA-3D746EBEB2D9}.Release|Any CPU.Build.0 = Release|Any CPU
	EndGlobalSection
	GlobalSection(SolutionProperties) = preSolution
		HideSolutionNode = FALSE
	EndGlobalSection
EndGlobal
